
Microsoft Visual Studio Solution File, Format Version 12.00
# Visual Studio Version 17
VisualStudioVersion = 17.8.34408.163
MinimumVisualStudioVersion = 10.0.40219.1
Project("{FAE04EC0-301F-11D3-BF4B-00C04F79EFBC}") = "Lab03", "Lab03\Lab03.csproj", "{2B16F056-ED51-4D10-BD6B-AE1C7363206A}"
EndProject
Project("{FAE04EC0-301F-11D3-BF4B-00C04F79EFBC}") = "Lab04", "Lab04\Lab04.csproj", "{E9DEF49C-0D21-4440-99AF-190A480F2119}"
EndProject
Global
	GlobalSection(SolutionConfigurationPlatforms) = preSolution
		Debug|Any CPU = Debug|Any CPU
		Release|Any CPU = Release|Any CPU
	EndGlobalSection
	GlobalSection(ProjectConfigurationPlatforms) = postSolution
		{2B16F056-ED51-4D10-BD6B-AE1C7363206A}.Debug|Any CPU.ActiveCfg = Debug|Any CPU
		{2B16F056-ED51-4D10-BD6B-AE1C7363206A}.Debug|Any CPU.Build.0 = Debug|Any CPU
		{2B16F056-ED51-4D10-BD6B-AE1C7363206A}.Release|Any CPU.ActiveCfg = Release|Any CPU
		{2B16F056-ED51-4D10-BD6B-AE1C7363206A}.Release|Any CPU.Build.0 = Release|Any CPU
		{E9DEF49C-0D21-4440-99AF-190A480F2119}.Debug|Any CPU.ActiveCfg = Debug|Any CPU
		{E9DEF49C-0D21-4440-99AF-190A480F2119}.Debug|Any CPU.Build.0 = Debug|Any CPU
		{E9DEF49C-0D21-4440-99AF-190A480F2119}.Release|Any CPU.ActiveCfg = Release|Any CPU
		{E9DEF49C-0D21-4440-99AF-190A480F2119}.Release|Any CPU.Build.0 = Release|Any CPU
	EndGlobalSection
	GlobalSection(SolutionProperties) = preSolution
		HideSolutionNode = FALSE
	EndGlobalSection
	GlobalSection(ExtensibilityGlobals) = postSolution
		SolutionGuid = {6EE90AB5-B46D-4A44-A7DB-1AF74B68B855}
	EndGlobalSection
EndGlobal
